
Microsoft Visual Studio Solution File, Format Version 12.00
# Visual Studio Version 16
VisualStudioVersion = 16.0.33529.622
MinimumVisualStudioVersion = 10.0.40219.1
Project("{FAE04EC0-301F-11D3-BF4B-00C04F79EFBC}") = "WebNhaSachAdmin", "WebNhaSachAdmin.csproj", "{CBC76DE1-BD66-4200-9B25-A25BCDDF4B8F}"
EndProject
Global
	GlobalSection(SolutionConfigurationPlatforms) = preSolution
		Debug|Any CPU = Debug|Any CPU
		Release|Any CPU = Release|Any CPU
	EndGlobalSection
	GlobalSection(ProjectConfigurationPlatforms) = postSolution
		{CBC76DE1-BD66-4200-9B25-A25BCDDF4B8F}.Debug|Any CPU.ActiveCfg = Debug|Any CPU
		{CBC76DE1-BD66-4200-9B25-A25BCDDF4B8F}.Debug|Any CPU.Build.0 = Debug|Any CPU
		{CBC76DE1-BD66-4200-9B25-A25BCDDF4B8F}.Release|Any CPU.ActiveCfg = Release|Any CPU
		{CBC76DE1-BD66-4200-9B25-A25BCDDF4B8F}.Release|Any CPU.Build.0 = Release|Any CPU
	EndGlobalSection
	GlobalSection(SolutionProperties) = preSolution
		HideSolutionNode = FALSE
	EndGlobalSection
	GlobalSection(ExtensibilityGlobals) = postSolution
		SolutionGuid = {A28A78D0-A3DA-4099-8322-A5EF7BFD1D8B}
	EndGlobalSection
EndGlobal
